{
  "name": "doodle_classifier",
  "version": "1.0.0",
  "lockfileVersion": 1,
  "requires": true,
  "dependencies": {
    "toy-neural-network": {
      "version": "git+https://github.com/CodingTrain/Toy-Neural-Network-JS.git#e9610426ed31d05b1605f731a669fedbcfc751f7",
      "from": "git+https://github.com/CodingTrain/Toy-Neural-Network-JS.git"  
    }
  }
}
